Microsoft Visual Studio Solution File, Format Version 12.00
# Visual Studio Express 2012 for Windows Desktop
Project("{FAE04EC0-301F-11D3-BF4B-00C04F79EFBC}") = "Argscope", "Gui/Argscope.csproj", "{4423E4DA-BB0D-4FA1-8AEB-396C6AF1EFBA}"
EndProject
Global
	GlobalSection(SolutionConfigurationPlatforms) = preSolution
		Debug|Any CPU = Debug|Any CPU
		Release|Any CPU = Release|Any CPU
	EndGlobalSection
	GlobalSection(ProjectConfigurationPlatforms) = postSolution
		{4423E4DA-BB0D-4FA1-8AEB-396C6AF1EFBA}.Debug|Any CPU.ActiveCfg = Debug|Any CPU
		{4423E4DA-BB0D-4FA1-8AEB-396C6AF1EFBA}.Debug|Any CPU.Build.0 = Debug|Any CPU
		{4423E4DA-BB0D-4FA1-8AEB-396C6AF1EFBA}.Release|Any CPU.ActiveCfg = Release|Any CPU
		{4423E4DA-BB0D-4FA1-8AEB-396C6AF1EFBA}.Release|Any CPU.Build.0 = Release|Any CPU
	EndGlobalSection
	GlobalSection(SolutionProperties) = preSolution
		HideSolutionNode = FALSE
	EndGlobalSection
EndGlobal
